<?xml version="1.0" encoding="UTF-8" standalone="yes" ?>
<CodeBlocks_project_file>
	<FileVersion major="1" minor="6" />
	<Project>
		<Option title="sudoku" />
		<Option makefile_is_custom="1" />
		<Option pch_mode="2" />
		<Option compiler="gfortran" />
		<Build>
			<Target title="all">
				<Option output="sudoku" prefix_auto="0" extension_auto="0" />
				<Option object_output="/store/Programmierung/sudoku/.objs" />
				<Option type="1" />
				<Option compiler="gfortran" />
				<Compiler>
					<Add option="-O2" />
				</Compiler>
				<Linker>
					<Add option="-s" />
				</Linker>
			</Target>
			<Target title="cmake">
				<Option type="4" />
				<Option compiler="gfortran" />
				<ExtraCommands>
					<Add before="cmake ." />
					<Mode after="always" />
				</ExtraCommands>
			</Target>
		</Build>
		<Compiler>
			<Add option="-Wall" />
			<Add option="-fexceptions" />
		</Compiler>
		<Unit filename="chained_sudoku.cpp">
			<Option target="all" />
		</Unit>
		<Unit filename="chained_sudoku.h">
			<Option target="all" />
		</Unit>
		<Unit filename="compare_fields.cpp" />
		<Unit filename="compare_fields.h" />
		<Unit filename="field.cpp">
			<Option target="&lt;{~None~}&gt;" />
		</Unit>
		<Unit filename="field.h">
			<Option target="&lt;{~None~}&gt;" />
		</Unit>
		<Unit filename="interleaved_sudoku.cpp">
			<Option target="&lt;{~None~}&gt;" />
		</Unit>
		<Unit filename="interleaved_sudoku.h">
			<Option target="&lt;{~None~}&gt;" />
		</Unit>
		<Unit filename="main.cpp">
			<Option target="&lt;{~None~}&gt;" />
		</Unit>
		<Unit filename="sudoku.cpp">
			<Option target="&lt;{~None~}&gt;" />
		</Unit>
		<Unit filename="sudoku.h">
			<Option target="&lt;{~None~}&gt;" />
		</Unit>
		<Unit filename="sudoku_chain.cpp" />
		<Unit filename="sudoku_chain.h" />
		<Extensions>
			<code_completion />
			<debugger />
		</Extensions>
	</Project>
</CodeBlocks_project_file>
